# This file is autogenerated, do not edit; changes may be undone by the next 'dep ensure'.


[[projects]]
  name = "github.com/disintegration/imaging"
  packages = ["."]
  revision = "a5858022df0e1734a59f973fffe3f87b51c087ed"
  version = "v1.2.1"

[[projects]]
  name = "github.com/urfave/cli"
  packages = ["."]
  revision = "cfb38830724cc34fedffe9a2a29fb54fa9169cd1"
  version = "v1.20.0"

[[projects]]
  branch = "master"
  name = "golang.org/x/image"
  packages = ["bmp","tiff","tiff/lzw"]
  revision = "d1087bc575edf652161ee319c7e760b1e67d4519"

[solve-meta]
  analyzer-name = "dep"
  analyzer-version = 1
  inputs-digest = "aad099f79093333f9702e475f23d39b3b1935712f67bc7e0e414c09cdb4edf8f"
  solver-name = "gps-cdcl"
  solver-version = 1
